
Microsoft Visual Studio Solution File, Format Version 12.00
# Visual Studio Version 16
VisualStudioVersion = 16.0.810.8
MinimumVisualStudioVersion = 10.0.40219.1
Project("{FAE04EC0-301F-11D3-BF4B-00C04F79EFBC}") = "CloudClipBoard", "CloudClipBoard\CloudClipBoard.csproj", "{885E2533-2300-4BCC-BFA9-54BEB2192689}"
EndProject
Global
	GlobalSection(SolutionConfigurationPlatforms) = preSolution
		Debug|Any CPU = Debug|Any CPU
		Release|Any CPU = Release|Any CPU
	EndGlobalSection
	GlobalSection(ProjectConfigurationPlatforms) = postSolution
		{885E2533-2300-4BCC-BFA9-54BEB2192689}.Debug|Any CPU.ActiveCfg = Debug|Any CPU
		{885E2533-2300-4BCC-BFA9-54BEB2192689}.Debug|Any CPU.Build.0 = Debug|Any CPU
		{885E2533-2300-4BCC-BFA9-54BEB2192689}.Release|Any CPU.ActiveCfg = Release|Any CPU
		{885E2533-2300-4BCC-BFA9-54BEB2192689}.Release|Any CPU.Build.0 = Release|Any CPU
	EndGlobalSection
	GlobalSection(SolutionProperties) = preSolution
		HideSolutionNode = FALSE
	EndGlobalSection
	GlobalSection(ExtensibilityGlobals) = postSolution
		SolutionGuid = {FC0CE754-3BE6-48BA-B952-04E99BC53EBF}
	EndGlobalSection
EndGlobal
